
Microsoft Visual Studio Solution File, Format Version 12.00
# Visual Studio Version 17
VisualStudioVersion = 17.0.32112.339
MinimumVisualStudioVersion = 10.0.40219.1
Project("{2150E333-8FDC-42A3-9474-1A3956D46DE8}") = "Services", "Services", "{6558F34E-E75F-41CA-A6A3-69158239C603}"
EndProject
Project("{2150E333-8FDC-42A3-9474-1A3956D46DE8}") = "Catalog", "Catalog", "{4AF3A71C-9AE6-43DE-8AFB-461B611C2D14}"
EndProject
Project("{9A19103F-16F7-4668-BE54-9A1E7A4F7556}") = "Catalog.API", "src\Services\Catalog\Catalog.API\Catalog.API.csproj", "{E7456413-7BF7-4491-80F0-ABF58D0D4091}"
EndProject
Project("{E53339B2-1760-4266-BCC7-CA923CBCF16C}") = "docker-compose", "docker-compose.dcproj", "{08B33E2E-CF92-4C5C-91B3-79145FEA1D56}"
EndProject
Project("{2150E333-8FDC-42A3-9474-1A3956D46DE8}") = "Discount", "Discount", "{B3CC3285-EF84-4824-838A-F6BD5AF2B7B9}"
EndProject
Project("{9A19103F-16F7-4668-BE54-9A1E7A4F7556}") = "Discount.API", "src\Discount\Discount.API\Discount.API.csproj", "{32507690-D08D-488D-AACC-4058F4919285}"
EndProject
Project("{9A19103F-16F7-4668-BE54-9A1E7A4F7556}") = "Discount.Grpc", "src\Discount\Discount.Grpc\Discount.Grpc.csproj", "{E97BE800-58EA-4120-A4C7-760F1DD65F16}"
EndProject
Project("{2150E333-8FDC-42A3-9474-1A3956D46DE8}") = "Ordering", "Ordering", "{910D0E43-8B95-466E-9607-EED5A50658B3}"
EndProject
Project("{9A19103F-16F7-4668-BE54-9A1E7A4F7556}") = "Ordering.Application", "src\Services\Ordering\Ordering.Application\Ordering.Application.csproj", "{142CF7A3-5969-4283-B955-83F8ED2EE375}"
EndProject
Project("{9A19103F-16F7-4668-BE54-9A1E7A4F7556}") = "Ordering.Domain", "src\Services\Ordering\Ordering.Domain\Ordering.Domain.csproj", "{90AAC930-EFC7-4820-98E1-1845F2CC87F4}"
EndProject
Project("{9A19103F-16F7-4668-BE54-9A1E7A4F7556}") = "Ordering.Infastructure", "src\Services\Ordering\Ordering.Infastructure\Ordering.Infastructure.csproj", "{136BF0DB-6FBB-46EB-8A1D-DEA69F8FBD78}"
EndProject
Project("{9A19103F-16F7-4668-BE54-9A1E7A4F7556}") = "Ordering.API", "src\Services\Ordering\Ordering.API\Ordering.API.csproj", "{460C844F-0BC2-4600-84DA-C313C9ECE42D}"
EndProject
Project("{FAE04EC0-301F-11D3-BF4B-00C04F79EFBC}") = "Catalog.Grpc", "src\Services\Catalog\Catalog.Grpc\Catalog.Grpc.csproj", "{F2D715AE-5CD6-471A-9E75-5C3D0B3F600E}"
EndProject
Global
	GlobalSection(SolutionConfigurationPlatforms) = preSolution
		Debug|Any CPU = Debug|Any CPU
		Release|Any CPU = Release|Any CPU
	EndGlobalSection
	GlobalSection(ProjectConfigurationPlatforms) = postSolution
		{E7456413-7BF7-4491-80F0-ABF58D0D4091}.Debug|Any CPU.ActiveCfg = Debug|Any CPU
		{E7456413-7BF7-4491-80F0-ABF58D0D4091}.Debug|Any CPU.Build.0 = Debug|Any CPU
		{E7456413-7BF7-4491-80F0-ABF58D0D4091}.Release|Any CPU.ActiveCfg = Release|Any CPU
		{E7456413-7BF7-4491-80F0-ABF58D0D4091}.Release|Any CPU.Build.0 = Release|Any CPU
		{08B33E2E-CF92-4C5C-91B3-79145FEA1D56}.Debug|Any CPU.ActiveCfg = Debug|Any CPU
		{08B33E2E-CF92-4C5C-91B3-79145FEA1D56}.Debug|Any CPU.Build.0 = Debug|Any CPU
		{08B33E2E-CF92-4C5C-91B3-79145FEA1D56}.Release|Any CPU.ActiveCfg = Release|Any CPU
		{08B33E2E-CF92-4C5C-91B3-79145FEA1D56}.Release|Any CPU.Build.0 = Release|Any CPU
		{32507690-D08D-488D-AACC-4058F4919285}.Debug|Any CPU.ActiveCfg = Debug|Any CPU
		{32507690-D08D-488D-AACC-4058F4919285}.Debug|Any CPU.Build.0 = Debug|Any CPU
		{32507690-D08D-488D-AACC-4058F4919285}.Release|Any CPU.ActiveCfg = Release|Any CPU
		{32507690-D08D-488D-AACC-4058F4919285}.Release|Any CPU.Build.0 = Release|Any CPU
		{E97BE800-58EA-4120-A4C7-760F1DD65F16}.Debug|Any CPU.ActiveCfg = Debug|Any CPU
		{E97BE800-58EA-4120-A4C7-760F1DD65F16}.Debug|Any CPU.Build.0 = Debug|Any CPU
		{E97BE800-58EA-4120-A4C7-760F1DD65F16}.Release|Any CPU.ActiveCfg = Release|Any CPU
		{E97BE800-58EA-4120-A4C7-760F1DD65F16}.Release|Any CPU.Build.0 = Release|Any CPU
		{142CF7A3-5969-4283-B955-83F8ED2EE375}.Debug|Any CPU.ActiveCfg = Debug|Any CPU
		{142CF7A3-5969-4283-B955-83F8ED2EE375}.Debug|Any CPU.Build.0 = Debug|Any CPU
		{142CF7A3-5969-4283-B955-83F8ED2EE375}.Release|Any CPU.ActiveCfg = Release|Any CPU
		{142CF7A3-5969-4283-B955-83F8ED2EE375}.Release|Any CPU.Build.0 = Release|Any CPU
		{90AAC930-EFC7-4820-98E1-1845F2CC87F4}.Debug|Any CPU.ActiveCfg = Debug|Any CPU
		{90AAC930-EFC7-4820-98E1-1845F2CC87F4}.Debug|Any CPU.Build.0 = Debug|Any CPU
		{90AAC930-EFC7-4820-98E1-1845F2CC87F4}.Release|Any CPU.ActiveCfg = Release|Any CPU
		{90AAC930-EFC7-4820-98E1-1845F2CC87F4}.Release|Any CPU.Build.0 = Release|Any CPU
		{136BF0DB-6FBB-46EB-8A1D-DEA69F8FBD78}.Debug|Any CPU.ActiveCfg = Debug|Any CPU
		{136BF0DB-6FBB-46EB-8A1D-DEA69F8FBD78}.Debug|Any CPU.Build.0 = Debug|Any CPU
		{136BF0DB-6FBB-46EB-8A1D-DEA69F8FBD78}.Release|Any CPU.ActiveCfg = Release|Any CPU
		{136BF0DB-6FBB-46EB-8A1D-DEA69F8FBD78}.Release|Any CPU.Build.0 = Release|Any CPU
		{460C844F-0BC2-4600-84DA-C313C9ECE42D}.Debug|Any CPU.ActiveCfg = Debug|Any CPU
		{460C844F-0BC2-4600-84DA-C313C9ECE42D}.Debug|Any CPU.Build.0 = Debug|Any CPU
		{460C844F-0BC2-4600-84DA-C313C9ECE42D}.Release|Any CPU.ActiveCfg = Release|Any CPU
		{460C844F-0BC2-4600-84DA-C313C9ECE42D}.Release|Any CPU.Build.0 = Release|Any CPU
		{F2D715AE-5CD6-471A-9E75-5C3D0B3F600E}.Debug|Any CPU.ActiveCfg = Debug|Any CPU
		{F2D715AE-5CD6-471A-9E75-5C3D0B3F600E}.Debug|Any CPU.Build.0 = Debug|Any CPU
		{F2D715AE-5CD6-471A-9E75-5C3D0B3F600E}.Release|Any CPU.ActiveCfg = Release|Any CPU
		{F2D715AE-5CD6-471A-9E75-5C3D0B3F600E}.Release|Any CPU.Build.0 = Release|Any CPU
	EndGlobalSection
	GlobalSection(SolutionProperties) = preSolution
		HideSolutionNode = FALSE
	EndGlobalSection
	GlobalSection(NestedProjects) = preSolution
		{4AF3A71C-9AE6-43DE-8AFB-461B611C2D14} = {6558F34E-E75F-41CA-A6A3-69158239C603}
		{E7456413-7BF7-4491-80F0-ABF58D0D4091} = {4AF3A71C-9AE6-43DE-8AFB-461B611C2D14}
		{B3CC3285-EF84-4824-838A-F6BD5AF2B7B9} = {6558F34E-E75F-41CA-A6A3-69158239C603}
		{32507690-D08D-488D-AACC-4058F4919285} = {B3CC3285-EF84-4824-838A-F6BD5AF2B7B9}
		{E97BE800-58EA-4120-A4C7-760F1DD65F16} = {B3CC3285-EF84-4824-838A-F6BD5AF2B7B9}
		{910D0E43-8B95-466E-9607-EED5A50658B3} = {6558F34E-E75F-41CA-A6A3-69158239C603}
		{142CF7A3-5969-4283-B955-83F8ED2EE375} = {910D0E43-8B95-466E-9607-EED5A50658B3}
		{90AAC930-EFC7-4820-98E1-1845F2CC87F4} = {910D0E43-8B95-466E-9607-EED5A50658B3}
		{136BF0DB-6FBB-46EB-8A1D-DEA69F8FBD78} = {910D0E43-8B95-466E-9607-EED5A50658B3}
		{460C844F-0BC2-4600-84DA-C313C9ECE42D} = {910D0E43-8B95-466E-9607-EED5A50658B3}
		{F2D715AE-5CD6-471A-9E75-5C3D0B3F600E} = {4AF3A71C-9AE6-43DE-8AFB-461B611C2D14}
	EndGlobalSection
	GlobalSection(ExtensibilityGlobals) = postSolution
		SolutionGuid = {35306E1E-3E72-4597-B304-A1B39702AF34}
	EndGlobalSection
EndGlobal
